// !$*UTF8*$!
{
	archiveVersion = 1;
	classes = {
	};
	objectVersion = 46;
	objects = {

/* Begin PBXBuildFile section */
		1D6568811E27130100BDA934 /* AppDelegate.swift in Sources */ = {isa = PBXBuildFile; fileRef = 1D6568801E27130100BDA934 /* AppDelegate.swift */; };
		1D6568831E27130100BDA934 /* ViewController.swift in Sources */ = {isa = PBXBuildFile; fileRef = 1D6568821E27130100BDA934 /* ViewController.swift */; };
		1D6568851E27130100BDA934 /* Assets.xcassets in Resources */ = {isa = PBXBuildFile; fileRef = 1D6568841E27130100BDA934 /* Assets.xcassets */; };
		1D6568881E27130100BDA934 /* Main.storyboard in Resources */ = {isa = PBXBuildFile; fileRef = 1D6568861E27130100BDA934 /* Main.storyboard */; };
		1D6568901E27136D00BDA934 /* URLHandler.swift in Sources */ = {isa = PBXBuildFile; fileRef = 1D65688F1E27136D00BDA934 /* URLHandler.swift */; };
		1D6568921E271B9B00BDA934 /* TokenDto.swift in Sources */ = {isa = PBXBuildFile; fileRef = 1D6568911E271B9B00BDA934 /* TokenDto.swift */; };
		1D6568941E271C3A00BDA934 /* BungieApi.swift in Sources */ = {isa = PBXBuildFile; fileRef = 1D6568931E271C3A00BDA934 /* BungieApi.swift */; };
		1D6568961E27B28500BDA934 /* StepView.swift in Sources */ = {isa = PBXBuildFile; fileRef = 1D6568951E27B28500BDA934 /* StepView.swift */; };
/* End PBXBuildFile section */

/* Begin PBXFileReference section */
		1D65687D1E27130100BDA934 /* DestinyApiAuthHelper.app */ = {isa = PBXFileReference; explicitFileType = wrapper.application; includeInIndex = 0; path = DestinyApiAuthHelper.app; sourceTree = BUILT_PRODUCTS_DIR; };
		1D6568801E27130100BDA934 /* AppDelegate.swift */ = {isa = PBXFileReference; lastKnownFileType = sourcecode.swift; path = AppDelegate.swift; sourceTree = "<group>"; };
		1D6568821E27130100BDA934 /* ViewController.swift */ = {isa = PBXFileReference; lastKnownFileType = sourcecode.swift; path = ViewController.swift; sourceTree = "<group>"; };
		1D6568841E27130100BDA934 /* Assets.xcassets */ = {isa = PBXFileReference; lastKnownFileType = folder.assetcatalog; path = Assets.xcassets; sourceTree = "<group>"; };
		1D6568871E27130100BDA934 /* Base */ = {isa = PBXFileReference; lastKnownFileType = file.storyboard; name = Base; path = Base.lproj/Main.storyboard; sourceTree = "<group>"; };
		1D6568891E27130100BDA934 /* Info.plist */ = {isa = PBXFileReference; lastKnownFileType = text.plist.xml; path = Info.plist; sourceTree = "<group>"; };
		1D65688F1E27136D00BDA934 /* URLHandler.swift */ = {isa = PBXFileReference; fileEncoding = 4; lastKnownFileType = sourcecode.swift; path = URLHandler.swift; sourceTree = "<group>"; };
		1D6568911E271B9B00BDA934 /* TokenDto.swift */ = {isa = PBXFileReference; fileEncoding = 4; lastKnownFileType = sourcecode.swift; path = TokenDto.swift; sourceTree = "<group>"; };
		1D6568931E271C3A00BDA934 /* BungieApi.swift */ = {isa = PBXFileReference; fileEncoding = 4; lastKnownFileType = sourcecode.swift; path = BungieApi.swift; sourceTree = "<group>"; };
		1D6568951E27B28500BDA934 /* StepView.swift */ = {isa = PBXFileReference; fileEncoding = 4; lastKnownFileType = sourcecode.swift; path = StepView.swift; sourceTree = "<group>"; };
/* End PBXFileReference section */

/* Begin PBXFrameworksBuildPhase section */
		1D65687A1E27130000BDA934 /* Frameworks */ = {
			isa = PBXFrameworksBuildPhase;
			buildActionMask = 2147483647;
			files = (
			);
			runOnlyForDeploymentPostprocessing = 0;
		};
/* End PBXFrameworksBuildPhase section */

/* Begin PBXGroup section */
		1D6568741E27130000BDA934 = {
			isa = PBXGroup;
			children = (
				1D65687F1E27130100BDA934 /* DestinyApiAuthHelper */,
				1D65687E1E27130100BDA934 /* Products */,
			);
			sourceTree = "<group>";
		};
		1D65687E1E27130100BDA934 /* Products */ = {
			isa = PBXGroup;
			children = (
				1D65687D1E27130100BDA934 /* DestinyApiAuthHelper.app */,
			);
			name = Products;
			sourceTree = "<group>";
		};
		1D65687F1E27130100BDA934 /* DestinyApiAuthHelper */ = {
			isa = PBXGroup;
			children = (
				1D6568801E27130100BDA934 /* AppDelegate.swift */,
				1D6568821E27130100BDA934 /* ViewController.swift */,
				1D6568841E27130100BDA934 /* Assets.xcassets */,
				1D6568861E27130100BDA934 /* Main.storyboard */,
				1D6568891E27130100BDA934 /* Info.plist */,
				1D65688F1E27136D00BDA934 /* URLHandler.swift */,
				1D6568911E271B9B00BDA934 /* TokenDto.swift */,
				1D6568931E271C3A00BDA934 /* BungieApi.swift */,
				1D6568951E27B28500BDA934 /* StepView.swift */,
			);
			path = DestinyApiAuthHelper;
			sourceTree = "<group>";
		};
/* End PBXGroup section */

/* Begin PBXNativeTarget section */
		1D65687C1E27130000BDA934 /* DestinyApiAuthHelper */ = {
			isa = PBXNativeTarget;
			buildConfigurationList = 1D65688C1E27130100BDA934 /* Build configuration list for PBXNativeTarget "DestinyApiAuthHelper" */;
			buildPhases = (
				1D6568791E27130000BDA934 /* Sources */,
				1D65687A1E27130000BDA934 /* Frameworks */,
				1D65687B1E27130000BDA934 /* Resources */,
			);
			buildRules = (
			);
			dependencies = (
			);
			name = DestinyApiAuthHelper;
			productName = DestinyApiAuthHelper;
			productReference = 1D65687D1E27130100BDA934 /* DestinyApiAuthHelper.app */;
			productType = "com.apple.product-type.application";
		};
/* End PBXNativeTarget section */

/* Begin PBXProject section */
		1D6568751E27130000BDA934 /* Project object */ = {
			isa = PBXProject;
			attributes = {
				LastSwiftUpdateCheck = 0810;
				LastUpgradeCheck = 1320;
				ORGANIZATIONNAME = "From Concentrate Software";
				TargetAttributes = {
					1D65687C1E27130000BDA934 = {
						CreatedOnToolsVersion = 8.1;
						DevelopmentTeam = S8Z8N96C99;
						ProvisioningStyle = Automatic;
					};
				};
			};
			buildConfigurationList = 1D6568781E27130000BDA934 /* Build configuration list for PBXProject "DestinyApiAuthHelper" */;
			compatibilityVersion = "Xcode 3.2";
			developmentRegion = English;
			hasScannedForEncodings = 0;
			knownRegions = (
				English,
				en,
				Base,
			);
			mainGroup = 1D6568741E27130000BDA934;
			productRefGroup = 1D65687E1E27130100BDA934 /* Products */;
			projectDirPath = "";
			projectRoot = "";
			targets = (
				1D65687C1E27130000BDA934 /* DestinyApiAuthHelper */,
			);
		};
/* End PBXProject section */

/* Begin PBXResourcesBuildPhase section */
		1D65687B1E27130000BDA934 /* Resources */ = {
			isa = PBXResourcesBuildPhase;
			buildActionMask = 2147483647;
			files = (
				1D6568851E27130100BDA934 /* Assets.xcassets in Resources */,
				1D6568881E27130100BDA934 /* Main.storyboard in Resources */,
			);
			runOnlyForDeploymentPostprocessing = 0;
		};
/* End PBXResourcesBuildPhase section */

/* Begin PBXSourcesBuildPhase section */
		1D6568791E27130000BDA934 /* Sources */ = {
			isa = PBXSourcesBuildPhase;
			buildActionMask = 2147483647;
			files = (
				1D6568831E27130100BDA934 /* ViewController.swift in Sources */,
				1D6568941E271C3A00BDA934 /* BungieApi.swift in Sources */,
				1D6568961E27B28500BDA934 /* StepView.swift in Sources */,
				1D6568921E271B9B00BDA934 /* TokenDto.swift in Sources */,
				1D6568811E27130100BDA934 /* AppDelegate.swift in Sources */,
				1D6568901E27136D00BDA934 /* URLHandler.swift in Sources */,
			);
			runOnlyForDeploymentPostprocessing = 0;
		};
/* End PBXSourcesBuildPhase section */

/* Begin PBXVariantGroup section */
		1D6568861E27130100BDA934 /* Main.storyboard */ = {
			isa = PBXVariantGroup;
			children = (
				1D6568871E27130100BDA934 /* Base */,
			);
			name = Main.storyboard;
			sourceTree = "<group>";
		};
/* End PBXVariantGroup section */

/* Begin XCBuildConfiguration section */
		1D65688A1E27130100BDA934 /* Debug */ = {
			isa = XCBuildConfiguration;
			buildSettings = {
				ALWAYS_SEARCH_USER_PATHS = NO;
				CLANG_ANALYZER_LOCALIZABILITY_NONLOCALIZED = YES;
				CLANG_ANALYZER_NONNULL = YES;
				CLANG_CXX_LANGUAGE_STANDARD = "gnu++0x";
				CLANG_CXX_LIBRARY = "libc++";
				CLANG_ENABLE_MODULES = YES;
				CLANG_ENABLE_OBJC_ARC = YES;
				CLANG_WARN_BLOCK_CAPTURE_AUTORELEASING = YES;
				CLANG_WARN_BOOL_CONVERSION = YES;
				CLANG_WARN_COMMA = YES;
				CLANG_WARN_CONSTANT_CONVERSION = YES;
				CLANG_WARN_DEPRECATED_OBJC_IMPLEMENTATIONS = YES;
				CLANG_WARN_DIRECT_OBJC_ISA_USAGE = YES_ERROR;
				CLANG_WARN_DOCUMENTATION_COMMENTS = YES;
				CLANG_WARN_EMPTY_BODY = YES;
				CLANG_WARN_ENUM_CONVERSION = YES;
				CLANG_WARN_INFINITE_RECURSION = YES;
				CLANG_WARN_INT_CONVERSION = YES;
				CLANG_WARN_NON_LITERAL_NULL_CONVERSION = YES;
				CLANG_WARN_OBJC_IMPLICIT_RETAIN_SELF = YES;
				CLANG_WARN_OBJC_LITERAL_CONVERSION = YES;
				CLANG_WARN_OBJC_ROOT_CLASS = YES_ERROR;
				CLANG_WARN_QUOTED_INCLUDE_IN_FRAMEWORK_HEADER = YES;
				CLANG_WARN_RANGE_LOOP_ANALYSIS = YES;
				CLANG_WARN_STRICT_PROTOTYPES = YES;
				CLANG_WARN_SUSPICIOUS_MOVE = YES;
				CLANG_WARN_SUSPICIOUS_MOVES = YES;
				CLANG_WARN_UNREACHABLE_CODE = YES;
				CLANG_WARN__DUPLICATE_METHOD_MATCH = YES;
				CODE_SIGN_IDENTITY = "-";
				COPY_PHASE_STRIP = NO;
				DEBUG_INFORMATION_FORMAT = dwarf;
				ENABLE_STRICT_OBJC_MSGSEND = YES;
				ENABLE_TESTABILITY = YES;
				GCC_C_LANGUAGE_STANDARD = gnu99;
				GCC_DYNAMIC_NO_PIC = NO;
				GCC_NO_COMMON_BLOCKS = YES;
				GCC_OPTIMIZATION_LEVEL = 0;
				GCC_PREPROCESSOR_DEFINITIONS = (
					"DEBUG=1",
					"$(inherited)",
				);
				GCC_WARN_64_TO_32_BIT_CONVERSION = YES;
				GCC_WARN_ABOUT_RETURN_TYPE = YES_ERROR;
				GCC_WARN_UNDECLARED_SELECTOR = YES;
				GCC_WARN_UNINITIALIZED_AUTOS = YES_AGGRESSIVE;
				GCC_WARN_UNUSED_FUNCTION = YES;
				GCC_WARN_UNUSED_VARIABLE = YES;
				MACOSX_DEPLOYMENT_TARGET = 10.12;
				MTL_ENABLE_DEBUG_INFO = YES;
				ONLY_ACTIVE_ARCH = YES;
				SDKROOT = macosx;
				SWIFT_ACTIVE_COMPILATION_CONDITIONS = DEBUG;
				SWIFT_OPTIMIZATION_LEVEL = "-Onone";
			};
			name = Debug;
		};
		1D65688B1E27130100BDA934 /* Release */ = {
			isa = XCBuildConfiguration;
			buildSettings = {
				ALWAYS_SEARCH_USER_PATHS = NO;
				CLANG_ANALYZER_LOCALIZABILITY_NONLOCALIZED = YES;
				CLANG_ANALYZER_NONNULL = YES;
				CLANG_CXX_LANGUAGE_STANDARD = "gnu++0x";
				CLANG_CXX_LIBRARY = "libc++";
				CLANG_ENABLE_MODULES = YES;
				CLANG_ENABLE_OBJC_ARC = YES;
				CLANG_WARN_BLOCK_CAPTURE_AUTORELEASING = YES;
				CLANG_WARN_BOOL_CONVERSION = YES;
				CLANG_WARN_COMMA = YES;
				CLANG_WARN_CONSTANT_CONVERSION = YES;
				CLANG_WARN_DEPRECATED_OBJC_IMPLEMENTATIONS = YES;
				CLANG_WARN_DIRECT_OBJC_ISA_USAGE = YES_ERROR;
				CLANG_WARN_DOCUMENTATION_COMMENTS = YES;
				CLANG_WARN_EMPTY_BODY = YES;
				CLANG_WARN_ENUM_CONVERSION = YES;
				CLANG_WARN_INFINITE_RECURSION = YES;
				CLANG_WARN_INT_CONVERSION = YES;
				CLANG_WARN_NON_LITERAL_NULL_CONVERSION = YES;
				CLANG_WARN_OBJC_IMPLICIT_RETAIN_SELF = YES;
				CLANG_WARN_OBJC_LITERAL_CONVERSION = YES;
				CLANG_WARN_OBJC_ROOT_CLASS = YES_ERROR;
				CLANG_WARN_QUOTED_INCLUDE_IN_FRAMEWORK_HEADER = YES;
				CLANG_WARN_RANGE_LOOP_ANALYSIS = YES;
				CLANG_WARN_STRICT_PROTOTYPES = YES;
				CLANG_WARN_SUSPICIOUS_MOVE = YES;
				CLANG_WARN_SUSPICIOUS_MOVES = YES;
				CLANG_WARN_UNREACHABLE_CODE = YES;
				CLANG_WARN__DUPLICATE_METHOD_MATCH = YES;
				CODE_SIGN_IDENTITY = "-";
				COPY_PHASE_STRIP = NO;
				DEBUG_INFORMATION_FORMAT = "dwarf-with-dsym";
				ENABLE_NS_ASSERTIONS = NO;
				ENABLE_STRICT_OBJC_MSGSEND = YES;
				GCC_C_LANGUAGE_STANDARD = gnu99;
				GCC_NO_COMMON_BLOCKS = YES;
				GCC_WARN_64_TO_32_BIT_CONVERSION = YES;
				GCC_WARN_ABOUT_RETURN_TYPE = YES_ERROR;
				GCC_WARN_UNDECLARED_SELECTOR = YES;
				GCC_WARN_UNINITIALIZED_AUTOS = YES_AGGRESSIVE;
				GCC_WARN_UNUSED_FUNCTION = YES;
				GCC_WARN_UNUSED_VARIABLE = YES;
				MACOSX_DEPLOYMENT_TARGET = 10.12;
				MTL_ENABLE_DEBUG_INFO = NO;
				SDKROOT = macosx;
				SWIFT_OPTIMIZATION_LEVEL = "-Owholemodule";
			};
			name = Release;
		};
		1D65688D1E27130100BDA934 /* Debug */ = {
			isa = XCBuildConfiguration;
			buildSettings = {
				ASSETCATALOG_COMPILER_APPICON_NAME = AppIcon;
				CODE_SIGN_IDENTITY = "-";
				COMBINE_HIDPI_IMAGES = YES;
				DEVELOPMENT_TEAM = S8Z8N96C99;
				INFOPLIST_FILE = DestinyApiAuthHelper/Info.plist;
				LD_RUNPATH_SEARCH_PATHS = "$(inherited) @executable_path/../Frameworks";
				PRODUCT_BUNDLE_IDENTIFIER = com.fromconcentratesoftware.DestinyApiAuthHelper;
				PRODUCT_NAME = "$(TARGET_NAME)";
				SWIFT_VERSION = 5.0;
			};
			name = Debug;
		};
		1D65688E1E27130100BDA934 /* Release */ = {
			isa = XCBuildConfiguration;
			buildSettings = {
				ASSETCATALOG_COMPILER_APPICON_NAME = AppIcon;
				CODE_SIGN_IDENTITY = "-";
				COMBINE_HIDPI_IMAGES = YES;
				DEVELOPMENT_TEAM = S8Z8N96C99;
				INFOPLIST_FILE = DestinyApiAuthHelper/Info.plist;
				LD_RUNPATH_SEARCH_PATHS = "$(inherited) @executable_path/../Frameworks";
				PRODUCT_BUNDLE_IDENTIFIER = com.fromconcentratesoftware.DestinyApiAuthHelper;
				PRODUCT_NAME = "$(TARGET_NAME)";
				SWIFT_VERSION = 5.0;
			};
			name = Release;
		};
/* End XCBuildConfiguration section */

/* Begin XCConfigurationList section */
		1D6568781E27130000BDA934 /* Build configuration list for PBXProject "DestinyApiAuthHelper" */ = {
			isa = XCConfigurationList;
			buildConfigurations = (
				1D65688A1E27130100BDA934 /* Debug */,
				1D65688B1E27130100BDA934 /* Release */,
			);
			defaultConfigurationIsVisible = 0;
			defaultConfigurationName = Release;
		};
		1D65688C1E27130100BDA934 /* Build configuration list for PBXNativeTarget "DestinyApiAuthHelper" */ = {
			isa = XCConfigurationList;
			buildConfigurations = (
				1D65688D1E27130100BDA934 /* Debug */,
				1D65688E1E27130100BDA934 /* Release */,
			);
			defaultConfigurationIsVisible = 0;
			defaultConfigurationName = Release;
		};
/* End XCConfigurationList section */
	};
	rootObject = 1D6568751E27130000BDA934 /* Project object */;
}
